// !$*UTF8*$!
{
	archiveVersion = 1;
	classes = {
	};
	objectVersion = 77;
	objects = {

/* Begin PBXContainerItemProxy section */
		DD2186A62F70BC88002C1497 /* PBXContainerItemProxy */ = {
			isa = PBXContainerItemProxy;
			containerPortal = DD2186902F70BC87002C1497 /* Project object */;
			proxyType = 1;
			remoteGlobalIDString = DD2186972F70BC87002C1497;
			remoteInfo = Krevo;
		};
		DD2186B02F70BC88002C1497 /* PBXContainerItemProxy */ = {
			isa = PBXContainerItemProxy;
			containerPortal = DD2186902F70BC87002C1497 /* Project object */;
			proxyType = 1;
			remoteGlobalIDString = DD2186972F70BC87002C1497;
			remoteInfo = Krevo;
		};
/* End PBXContainerItemProxy section */

/* Begin PBXFileReference section */
		DD2186982F70BC87002C1497 /* Krevo.app */ = {isa = PBXFileReference; explicitFileType = wrapper.application; includeInIndex = 0; path = Krevo.app; sourceTree = BUILT_PRODUCTS_DIR; };
		DD2186A52F70BC88002C1497 /* KrevoTests.xctest */ = {isa = PBXFileReference; explicitFileType = wrapper.cfbundle; includeInIndex = 0; path = KrevoTests.xctest; sourceTree = BUILT_PRODUCTS_DIR; };
		DD2186AF2F70BC88002C1497 /* KrevoUITests.xctest */ = {isa = PBXFileReference; explicitFileType = wrapper.cfbundle; includeInIndex = 0; path = KrevoUITests.xctest; sourceTree = BUILT_PRODUCTS_DIR; };
/* End PBXFileReference section */

/* Begin PBXFileSystemSynchronizedBuildFileExceptionSet section */
		DDFIXINFO2F70BC87002C1497 /* Exceptions for Resources folder in Krevo */ = {
			isa = PBXFileSystemSynchronizedBuildFileExceptionSet;
			membershipExceptions = (
				Info.plist,
			);
			target = DD2186972F70BC87002C1497 /* Krevo */;
		};
/* End PBXFileSystemSynchronizedBuildFileExceptionSet section */

/* Begin PBXFileSystemSynchronizedRootGroup section */
		DD21869A2F70BC87002C1497 /* Krevo */ = {
			isa = PBXFileSystemSynchronizedRootGroup;
			exceptions = (
				DDFIXINFO2F70BC87002C1497 /* Exceptions for Resources folder in Krevo */,
			);
			path = Krevo;
			sourceTree = "<group>";
		};
		DD2186A82F70BC88002C1497 /* KrevoTests */ = {
			isa = PBXFileSystemSynchronizedRootGroup;
			path = KrevoTests;
			sourceTree = "<group>";
		};
		DD2186B22F70BC88002C1497 /* KrevoUITests */ = {
			isa = PBXFileSystemSynchronizedRootGroup;
			path = KrevoUITests;
			sourceTree = "<group>";
		};
/* End PBXFileSystemSynchronizedRootGroup section */

/* Begin PBXFrameworksBuildPhase section */
		DD2186952F70BC87002C1497 /* Frameworks */ = {
			isa = PBXFrameworksBuildPhase;
			buildActionMask = 2147483647;
			files = (
			);
			runOnlyForDeploymentPostprocessing = 0;
		};
		DD2186A22F70BC88002C1497 /* Frameworks */ = {
			isa = PBXFrameworksBuildPhase;
			buildActionMask = 2147483647;
			files = (
			);
			runOnlyForDeploymentPostprocessing = 0;
		};
		DD2186AC2F70BC88002C1497 /* Frameworks */ = {
			isa = PBXFrameworksBuildPhase;
			buildActionMask = 2147483647;
			files = (
			);
			runOnlyForDeploymentPostprocessing = 0;
		};
/* End PBXFrameworksBuildPhase section */

/* Begin PBXGroup section */
		DD21868F2F70BC87002C1497 = {
			isa = PBXGroup;
			children = (
				DD21869A2F70BC87002C1497 /* Krevo */,
				DD2186A82F70BC88002C1497 /* KrevoTests */,
				DD2186B22F70BC88002C1497 /* KrevoUITests */,
				DD2186992F70BC87002C1497 /* Products */,
			);
			sourceTree = "<group>";
		};
		DD2186992F70BC87002C1497 /* Products */ = {
			isa = PBXGroup;
			children = (
				DD2186982F70BC87002C1497 /* Krevo.app */,
				DD2186A52F70BC88002C1497 /* KrevoTests.xctest */,
				DD2186AF2F70BC88002C1497 /* KrevoUITests.xctest */,
			);
			name = Products;
			sourceTree = "<group>";
		};
/* End PBXGroup section */

/* Begin PBXNativeTarget section */
		DD2186972F70BC87002C1497 /* Krevo */ = {
			isa = PBXNativeTarget;
			buildConfigurationList = DD2186B92F70BC88002C1497 /* Build configuration list for PBXNativeTarget "Krevo" */;
			buildPhases = (
				DD2186942F70BC87002C1497 /* Sources */,
				DD2186952F70BC87002C1497 /* Frameworks */,
				DD2186962F70BC87002C1497 /* Resources */,
			);
			buildRules = (
			);
			dependencies = (
			);
			fileSystemSynchronizedGroups = (
				DD21869A2F70BC87002C1497 /* Krevo */,
			);
			name = Krevo;
			packageProductDependencies = (
			);
			productName = Krevo;
			productReference = DD2186982F70BC87002C1497 /* Krevo.app */;
			productType = "com.apple.product-type.application";
		};
		DD2186A42F70BC88002C1497 /* KrevoTests */ = {
			isa = PBXNativeTarget;
			buildConfigurationList = DD2186BC2F70BC88002C1497 /* Build configuration list for PBXNativeTarget "KrevoTests" */;
			buildPhases = (
				DD2186A12F70BC88002C1497 /* Sources */,
				DD2186A22F70BC88002C1497 /* Frameworks */,
				DD2186A32F70BC88002C1497 /* Resources */,
			);
			buildRules = (
			);
			dependencies = (
				DD2186A72F70BC88002C1497 /* PBXTargetDependency */,
			);
			fileSystemSynchronizedGroups = (
				DD2186A82F70BC88002C1497 /* KrevoTests */,
			);
			name = KrevoTests;
			packageProductDependencies = (
			);
			productName = KrevoTests;
			productReference = DD2186A52F70BC88002C1497 /* KrevoTests.xctest */;
			productType = "com.apple.product-type.bundle.unit-test";
		};
		DD2186AE2F70BC88002C1497 /* KrevoUITests */ = {
			isa = PBXNativeTarget;
			buildConfigurationList = DD2186BF2F70BC88002C1497 /* Build configuration list for PBXNativeTarget "KrevoUITests" */;
			buildPhases = (
				DD2186AB2F70BC88002C1497 /* Sources */,
				DD2186AC2F70BC88002C1497 /* Frameworks */,
				DD2186AD2F70BC88002C1497 /* Resources */,
			);
			buildRules = (
			);
			dependencies = (
				DD2186B12F70BC88002C1497 /* PBXTargetDependency */,
			);
			fileSystemSynchronizedGroups = (
				DD2186B22F70BC88002C1497 /* KrevoUITests */,
			);
			name = KrevoUITests;
			packageProductDependencies = (
			);
			productName = KrevoUITests;
			productReference = DD2186AF2F70BC88002C1497 /* KrevoUITests.xctest */;
			productType = "com.apple.product-type.bundle.ui-testing";
		};
/* End PBXNativeTarget section */

/* Begin PBXProject section */
		DD2186902F70BC87002C1497 /* Project object */ = {
			isa = PBXProject;
			attributes = {
				BuildIndependentTargetsInParallel = 1;
				LastSwiftUpdateCheck = 2620;
				LastUpgradeCheck = 2620;
				TargetAttributes = {
					DD2186972F70BC87002C1497 = {
						CreatedOnToolsVersion = 26.2;
					};
					DD2186A42F70BC88002C1497 = {
						CreatedOnToolsVersion = 26.2;
						TestTargetID = DD2186972F70BC87002C1497;
					};
					DD2186AE2F70BC88002C1497 = {
						CreatedOnToolsVersion = 26.2;
						TestTargetID = DD2186972F70BC87002C1497;
					};
				};
			};
			buildConfigurationList = DD2186932F70BC87002C1497 /* Build configuration list for PBXProject "Krevo" */;
			developmentRegion = en;
			hasScannedForEncodings = 0;
			knownRegions = (
				en,
				Base,
			);
			mainGroup = DD21868F2F70BC87002C1497;
			minimizedProjectReferenceProxies = 1;
			preferredProjectObjectVersion = 77;
			productRefGroup = DD2186992F70BC87002C1497 /* Products */;
			projectDirPath = "";
			projectRoot = "";
			targets = (
				DD2186972F70BC87002C1497 /* Krevo */,
				DD2186A42F70BC88002C1497 /* KrevoTests */,
				DD2186AE2F70BC88002C1497 /* KrevoUITests */,
			);
		};
/* End PBXProject section */

/* Begin PBXResourcesBuildPhase section */
		DD2186962F70BC87002C1497 /* Resources */ = {
			isa = PBXResourcesBuildPhase;
			buildActionMask = 2147483647;
			files = (
			);
			runOnlyForDeploymentPostprocessing = 0;
		};
		DD2186A32F70BC88002C1497 /* Resources */ = {
			isa = PBXResourcesBuildPhase;
			buildActionMask = 2147483647;
			files = (
			);
			runOnlyForDeploymentPostprocessing = 0;
		};
		DD2186AD2F70BC88002C1497 /* Resources */ = {
			isa = PBXResourcesBuildPhase;
			buildActionMask = 2147483647;
			files = (
			);
			runOnlyForDeploymentPostprocessing = 0;
		};
/* End PBXResourcesBuildPhase section */

/* Begin PBXSourcesBuildPhase section */
		DD2186942F70BC87002C1497 /* Sources */ = {
			isa = PBXSourcesBuildPhase;
			buildActionMask = 2147483647;
			files = (
			);
			runOnlyForDeploymentPostprocessing = 0;
		};
		DD2186A12F70BC88002C1497 /* Sources */ = {
			isa = PBXSourcesBuildPhase;
			buildActionMask = 2147483647;
			files = (
			);
			runOnlyForDeploymentPostprocessing = 0;
		};
		DD2186AB2F70BC88002C1497 /* Sources */ = {
			isa = PBXSourcesBuildPhase;
			buildActionMask = 2147483647;
			files = (
			);
			runOnlyForDeploymentPostprocessing = 0;
		};
/* End PBXSourcesBuildPhase section */

/* Begin PBXTargetDependency section */
		DD2186A72F70BC88002C1497 /* PBXTargetDependency */ = {
			isa = PBXTargetDependency;
			target = DD2186972F70BC87002C1497 /* Krevo */;
			targetProxy = DD2186A62F70BC88002C1497 /* PBXContainerItemProxy */;
		};
		DD2186B12F70BC88002C1497 /* PBXTargetDependency */ = {
			isa = PBXTargetDependency;
			target = DD2186972F70BC87002C1497 /* Krevo */;
			targetProxy = DD2186B02F70BC88002C1497 /* PBXContainerItemProxy */;
		};
/* End PBXTargetDependency section */

/* Begin XCBuildConfiguration section */
		DD2186B72F70BC88002C1497 /* Debug */ = {
			isa = XCBuildConfiguration;
			buildSettings = {
				ALWAYS_SEARCH_USER_PATHS = NO;
				ASSETCATALOG_COMPILER_GENERATE_SWIFT_ASSET_SYMBOL_EXTENSIONS = YES;
				CLANG_ANALYZER_NONNULL = YES;
				CLANG_ANALYZER_NUMBER_OBJECT_CONVERSION = YES_AGGRESSIVE;
				CLANG_CXX_LANGUAGE_STANDARD = "gnu++20";
				CLANG_ENABLE_MODULES = YES;
				CLANG_ENABLE_OBJC_ARC = YES;
				CLANG_ENABLE_OBJC_WEAK = YES;
				CLANG_WARN_BLOCK_CAPTURE_AUTORELEASING = YES;
				CLANG_WARN_BOOL_CONVERSION = YES;
				CLANG_WARN_COMMA = YES;
				CLANG_WARN_CONSTANT_CONVERSION = YES;
				CLANG_WARN_DEPRECATED_OBJC_IMPLEMENTATIONS = YES;
				CLANG_WARN_DIRECT_OBJC_ISA_USAGE = YES_ERROR;
				CLANG_WARN_DOCUMENTATION_COMMENTS = YES;
				CLANG_WARN_EMPTY_BODY = YES;
				CLANG_WARN_ENUM_CONVERSION = YES;
				CLANG_WARN_INFINITE_RECURSION = YES;
				CLANG_WARN_INT_CONVERSION = YES;
				CLANG_WARN_NON_LITERAL_NULL_CONVERSION = YES;
				CLANG_WARN_OBJC_IMPLICIT_RETAIN_SELF = YES;
				CLANG_WARN_OBJC_LITERAL_CONVERSION = YES;
				CLANG_WARN_OBJC_ROOT_CLASS = YES_ERROR;
				CLANG_WARN_QUOTED_INCLUDE_IN_FRAMEWORK_HEADER = YES;
				CLANG_WARN_RANGE_LOOP_ANALYSIS = YES;
				CLANG_WARN_STRICT_PROTOTYPES = YES;
				CLANG_WARN_SUSPICIOUS_MOVE = YES;
				CLANG_WARN_UNGUARDED_AVAILABILITY = YES_AGGRESSIVE;
				CLANG_WARN_UNREACHABLE_CODE = YES;
				CLANG_WARN__DUPLICATE_METHOD_MATCH = YES;
				COPY_PHASE_STRIP = NO;
				DEBUG_INFORMATION_FORMAT = dwarf;
				DEVELOPMENT_TEAM = VJX635MVWF;
				ENABLE_STRICT_OBJC_MSGSEND = YES;
				ENABLE_TESTABILITY = YES;
				ENABLE_USER_SCRIPT_SANDBOXING = YES;
				GCC_C_LANGUAGE_STANDARD = gnu17;
				GCC_DYNAMIC_NO_PIC = NO;
				GCC_NO_COMMON_BLOCKS = YES;
				GCC_OPTIMIZATION_LEVEL = 0;
				GCC_PREPROCESSOR_DEFINITIONS = (
					"DEBUG=1",
					"$(inherited)",
				);
				GCC_WARN_64_TO_32_BIT_CONVERSION = YES;
				GCC_WARN_ABOUT_RETURN_TYPE = YES_ERROR;
				GCC_WARN_UNDECLARED_SELECTOR = YES;
				GCC_WARN_UNINITIALIZED_AUTOS = YES_AGGRESSIVE;
				GCC_WARN_UNUSED_FUNCTION = YES;
				GCC_WARN_UNUSED_VARIABLE = YES;
				LOCALIZATION_PREFERS_STRING_CATALOGS = YES;
				MACOSX_DEPLOYMENT_TARGET = 26.2;
				MTL_ENABLE_DEBUG_INFO = INCLUDE_SOURCE;
				MTL_FAST_MATH = YES;
				ONLY_ACTIVE_ARCH = YES;
				SDKROOT = macosx;
				SWIFT_ACTIVE_COMPILATION_CONDITIONS = "DEBUG $(inherited)";
				SWIFT_OPTIMIZATION_LEVEL = "-Onone";
			};
			name = Debug;
		};
		DD2186B82F70BC88002C1497 /* Release */ = {
			isa = XCBuildConfiguration;
			buildSettings = {
				ALWAYS_SEARCH_USER_PATHS = NO;
				ASSETCATALOG_COMPILER_GENERATE_SWIFT_ASSET_SYMBOL_EXTENSIONS = YES;
				CLANG_ANALYZER_NONNULL = YES;
				CLANG_ANALYZER_NUMBER_OBJECT_CONVERSION = YES_AGGRESSIVE;
				CLANG_CXX_LANGUAGE_STANDARD = "gnu++20";
				CLANG_ENABLE_MODULES = YES;
				CLANG_ENABLE_OBJC_ARC = YES;
				CLANG_ENABLE_OBJC_WEAK = YES;
				CLANG_WARN_BLOCK_CAPTURE_AUTORELEASING = YES;
				CLANG_WARN_BOOL_CONVERSION = YES;
				CLANG_WARN_COMMA = YES;
				CLANG_WARN_CONSTANT_CONVERSION = YES;
				CLANG_WARN_DEPRECATED_OBJC_IMPLEMENTATIONS = YES;
				CLANG_WARN_DIRECT_OBJC_ISA_USAGE = YES_ERROR;
				CLANG_WARN_DOCUMENTATION_COMMENTS = YES;
				CLANG_WARN_EMPTY_BODY = YES;
				CLANG_WARN_ENUM_CONVERSION = YES;
				CLANG_WARN_INFINITE_RECURSION = YES;
				CLANG_WARN_INT_CONVERSION = YES;
				CLANG_WARN_NON_LITERAL_NULL_CONVERSION = YES;
				CLANG_WARN_OBJC_IMPLICIT_RETAIN_SELF = YES;
				CLANG_WARN_OBJC_LITERAL_CONVERSION = YES;
				CLANG_WARN_OBJC_ROOT_CLASS = YES_ERROR;
				CLANG_WARN_QUOTED_INCLUDE_IN_FRAMEWORK_HEADER = YES;
				CLANG_WARN_RANGE_LOOP_ANALYSIS = YES;
				CLANG_WARN_STRICT_PROTOTYPES = YES;
				CLANG_WARN_SUSPICIOUS_MOVE = YES;
				CLANG_WARN_UNGUARDED_AVAILABILITY = YES_AGGRESSIVE;
				CLANG_WARN_UNREACHABLE_CODE = YES;
				CLANG_WARN__DUPLICATE_METHOD_MATCH = YES;
				COPY_PHASE_STRIP = NO;
				DEBUG_INFORMATION_FORMAT = "dwarf-with-dsym";
				DEVELOPMENT_TEAM = VJX635MVWF;
				ENABLE_NS_ASSERTIONS = NO;
				ENABLE_STRICT_OBJC_MSGSEND = YES;
				ENABLE_USER_SCRIPT_SANDBOXING = YES;
				GCC_C_LANGUAGE_STANDARD = gnu17;
				GCC_NO_COMMON_BLOCKS = YES;
				GCC_WARN_64_TO_32_BIT_CONVERSION = YES;
				GCC_WARN_ABOUT_RETURN_TYPE = YES_ERROR;
				GCC_WARN_UNDECLARED_SELECTOR = YES;
				GCC_WARN_UNINITIALIZED_AUTOS = YES_AGGRESSIVE;
				GCC_WARN_UNUSED_FUNCTION = YES;
				GCC_WARN_UNUSED_VARIABLE = YES;
				LOCALIZATION_PREFERS_STRING_CATALOGS = YES;
				MACOSX_DEPLOYMENT_TARGET = 26.2;
				MTL_ENABLE_DEBUG_INFO = NO;
				MTL_FAST_MATH = YES;
				SDKROOT = macosx;
				SWIFT_COMPILATION_MODE = wholemodule;
			};
			name = Release;
		};
		DD2186BA2F70BC88002C1497 /* Debug */ = {
			isa = XCBuildConfiguration;
			buildSettings = {
				ASSETCATALOG_COMPILER_APPICON_NAME = AppIcon;
				ASSETCATALOG_COMPILER_GLOBAL_ACCENT_COLOR_NAME = AccentColor;
				CODE_SIGN_STYLE = Automatic;
				COMBINE_HIDPI_IMAGES = YES;
				CURRENT_PROJECT_VERSION = 21;
				DEVELOPMENT_TEAM = VJX635MVWF;
				CODE_SIGN_ENTITLEMENTS = Krevo/Krevo.entitlements;
				ENABLE_APP_SANDBOX = YES;
				ENABLE_HARDENED_RUNTIME = YES;
				ENABLE_PREVIEWS = YES;
				ENABLE_USER_SELECTED_FILES = readonly;
				GENERATE_INFOPLIST_FILE = YES;
				INFOPLIST_FILE = Krevo/Info.plist;
				INFOPLIST_KEY_NSHumanReadableCopyright = "";
				LD_RUNPATH_SEARCH_PATHS = (
					"$(inherited)",
					"@executable_path/../Frameworks",
				);
				MARKETING_VERSION = 2.8;
				PRODUCT_BUNDLE_IDENTIFIER = io.krevo.mac;
				PRODUCT_NAME = "$(TARGET_NAME)";
				REGISTER_APP_GROUPS = YES;
				STRING_CATALOG_GENERATE_SYMBOLS = YES;
				SWIFT_APPROACHABLE_CONCURRENCY = YES;
				SWIFT_DEFAULT_ACTOR_ISOLATION = MainActor;
				SWIFT_EMIT_LOC_STRINGS = YES;
				SWIFT_UPCOMING_FEATURE_MEMBER_IMPORT_VISIBILITY = YES;
				SWIFT_VERSION = 5.0;
			};
			name = Debug;
		};
		DD2186BB2F70BC88002C1497 /* Release */ = {
			isa = XCBuildConfiguration;
			buildSettings = {
				ASSETCATALOG_COMPILER_APPICON_NAME = AppIcon;
				ASSETCATALOG_COMPILER_GLOBAL_ACCENT_COLOR_NAME = AccentColor;
				CODE_SIGN_ENTITLEMENTS = Krevo/Krevo.entitlements;
				CODE_SIGN_STYLE = Automatic;
				COMBINE_HIDPI_IMAGES = YES;
				CURRENT_PROJECT_VERSION = 21;
				DEVELOPMENT_TEAM = VJX635MVWF;
				ENABLE_APP_SANDBOX = YES;
				ENABLE_HARDENED_RUNTIME = YES;
				ENABLE_PREVIEWS = YES;
				ENABLE_USER_SELECTED_FILES = readonly;
				GENERATE_INFOPLIST_FILE = YES;
				INFOPLIST_FILE = Krevo/Info.plist;
				INFOPLIST_KEY_NSHumanReadableCopyright = "";
				LD_RUNPATH_SEARCH_PATHS = (
					"$(inherited)",
					"@executable_path/../Frameworks",
				);
				MARKETING_VERSION = 2.8;
				PRODUCT_BUNDLE_IDENTIFIER = io.krevo.mac;
				PRODUCT_NAME = "$(TARGET_NAME)";
				REGISTER_APP_GROUPS = YES;
				STRING_CATALOG_GENERATE_SYMBOLS = YES;
				SWIFT_APPROACHABLE_CONCURRENCY = YES;
				SWIFT_DEFAULT_ACTOR_ISOLATION = MainActor;
				SWIFT_EMIT_LOC_STRINGS = YES;
				SWIFT_UPCOMING_FEATURE_MEMBER_IMPORT_VISIBILITY = YES;
				SWIFT_VERSION = 5.0;
			};
			name = Release;
		};
		DD2186BD2F70BC88002C1497 /* Debug */ = {
			isa = XCBuildConfiguration;
			buildSettings = {
				BUNDLE_LOADER = "$(TEST_HOST)";
				CODE_SIGN_STYLE = Automatic;
				CURRENT_PROJECT_VERSION = 21;
				DEVELOPMENT_TEAM = VJX635MVWF;
				GENERATE_INFOPLIST_FILE = YES;
				MACOSX_DEPLOYMENT_TARGET = 26.2;
				MARKETING_VERSION = 2.8;
				PRODUCT_BUNDLE_IDENTIFIER = Krevo.KrevoTests;
				PRODUCT_NAME = "$(TARGET_NAME)";
				STRING_CATALOG_GENERATE_SYMBOLS = NO;
				SWIFT_APPROACHABLE_CONCURRENCY = YES;
				SWIFT_EMIT_LOC_STRINGS = NO;
				SWIFT_UPCOMING_FEATURE_MEMBER_IMPORT_VISIBILITY = YES;
				SWIFT_VERSION = 5.0;
				TEST_HOST = "$(BUILT_PRODUCTS_DIR)/Krevo.app/$(BUNDLE_EXECUTABLE_FOLDER_PATH)/Krevo";
			};
			name = Debug;
		};
		DD2186BE2F70BC88002C1497 /* Release */ = {
			isa = XCBuildConfiguration;
			buildSettings = {
				BUNDLE_LOADER = "$(TEST_HOST)";
				CODE_SIGN_STYLE = Automatic;
				CURRENT_PROJECT_VERSION = 21;
				DEVELOPMENT_TEAM = VJX635MVWF;
				GENERATE_INFOPLIST_FILE = YES;
				MACOSX_DEPLOYMENT_TARGET = 26.2;
				MARKETING_VERSION = 2.8;
				PRODUCT_BUNDLE_IDENTIFIER = Krevo.KrevoTests;
				PRODUCT_NAME = "$(TARGET_NAME)";
				STRING_CATALOG_GENERATE_SYMBOLS = NO;
				SWIFT_APPROACHABLE_CONCURRENCY = YES;
				SWIFT_EMIT_LOC_STRINGS = NO;
				SWIFT_UPCOMING_FEATURE_MEMBER_IMPORT_VISIBILITY = YES;
				SWIFT_VERSION = 5.0;
				TEST_HOST = "$(BUILT_PRODUCTS_DIR)/Krevo.app/$(BUNDLE_EXECUTABLE_FOLDER_PATH)/Krevo";
			};
			name = Release;
		};
		DD2186C02F70BC88002C1497 /* Debug */ = {
			isa = XCBuildConfiguration;
			buildSettings = {
				CODE_SIGN_STYLE = Automatic;
				CURRENT_PROJECT_VERSION = 21;
				DEVELOPMENT_TEAM = VJX635MVWF;
				GENERATE_INFOPLIST_FILE = YES;
				MARKETING_VERSION = 2.8;
				PRODUCT_BUNDLE_IDENTIFIER = Krevo.KrevoUITests;
				PRODUCT_NAME = "$(TARGET_NAME)";
				STRING_CATALOG_GENERATE_SYMBOLS = NO;
				SWIFT_APPROACHABLE_CONCURRENCY = YES;
				SWIFT_EMIT_LOC_STRINGS = NO;
				SWIFT_UPCOMING_FEATURE_MEMBER_IMPORT_VISIBILITY = YES;
				SWIFT_VERSION = 5.0;
				TEST_TARGET_NAME = Krevo;
			};
			name = Debug;
		};
		DD2186C12F70BC88002C1497 /* Release */ = {
			isa = XCBuildConfiguration;
			buildSettings = {
				CODE_SIGN_STYLE = Automatic;
				CURRENT_PROJECT_VERSION = 21;
				DEVELOPMENT_TEAM = VJX635MVWF;
				GENERATE_INFOPLIST_FILE = YES;
				MARKETING_VERSION = 2.8;
				PRODUCT_BUNDLE_IDENTIFIER = Krevo.KrevoUITests;
				PRODUCT_NAME = "$(TARGET_NAME)";
				STRING_CATALOG_GENERATE_SYMBOLS = NO;
				SWIFT_APPROACHABLE_CONCURRENCY = YES;
				SWIFT_EMIT_LOC_STRINGS = NO;
				SWIFT_UPCOMING_FEATURE_MEMBER_IMPORT_VISIBILITY = YES;
				SWIFT_VERSION = 5.0;
				TEST_TARGET_NAME = Krevo;
			};
			name = Release;
		};
/* End XCBuildConfiguration section */

/* Begin XCConfigurationList section */
		DD2186932F70BC87002C1497 /* Build configuration list for PBXProject "Krevo" */ = {
			isa = XCConfigurationList;
			buildConfigurations = (
				DD2186B72F70BC88002C1497 /* Debug */,
				DD2186B82F70BC88002C1497 /* Release */,
			);
			defaultConfigurationIsVisible = 0;
			defaultConfigurationName = Release;
		};
		DD2186B92F70BC88002C1497 /* Build configuration list for PBXNativeTarget "Krevo" */ = {
			isa = XCConfigurationList;
			buildConfigurations = (
				DD2186BA2F70BC88002C1497 /* Debug */,
				DD2186BB2F70BC88002C1497 /* Release */,
			);
			defaultConfigurationIsVisible = 0;
			defaultConfigurationName = Release;
		};
		DD2186BC2F70BC88002C1497 /* Build configuration list for PBXNativeTarget "KrevoTests" */ = {
			isa = XCConfigurationList;
			buildConfigurations = (
				DD2186BD2F70BC88002C1497 /* Debug */,
				DD2186BE2F70BC88002C1497 /* Release */,
			);
			defaultConfigurationIsVisible = 0;
			defaultConfigurationName = Release;
		};
		DD2186BF2F70BC88002C1497 /* Build configuration list for PBXNativeTarget "KrevoUITests" */ = {
			isa = XCConfigurationList;
			buildConfigurations = (
				DD2186C02F70BC88002C1497 /* Debug */,
				DD2186C12F70BC88002C1497 /* Release */,
			);
			defaultConfigurationIsVisible = 0;
			defaultConfigurationName = Release;
		};
/* End XCConfigurationList section */
	};
	rootObject = DD2186902F70BC87002C1497 /* Project object */;
}
